
Microsoft Visual Studio Solution File, Format Version 12.00
# Visual Studio Version 17
VisualStudioVersion = 17.0.31919.166
MinimumVisualStudioVersion = 10.0.40219.1
Project("{FAE04EC0-301F-11D3-BF4B-00C04F79EFBC}") = "TwitterStreamAnalyser", "TwitterStreamAnalyser\TwitterStreamAnalyser.csproj", "{3DF591E6-B89C-4660-BF13-45500EF4825D}"
EndProject
Project("{FAE04EC0-301F-11D3-BF4B-00C04F79EFBC}") = "TwitterStreamAnalyser.Test", "TwitterStreamAnalyser.Test\TwitterStreamAnalyser.Test.csproj", "{83EC69F8-2FAD-41D6-BBC7-97D136F0C1B0}"
EndProject
Global
	GlobalSection(SolutionConfigurationPlatforms) = preSolution
		Debug|Any CPU = Debug|Any CPU
		Release|Any CPU = Release|Any CPU
	EndGlobalSection
	GlobalSection(ProjectConfigurationPlatforms) = postSolution
		{3DF591E6-B89C-4660-BF13-45500EF4825D}.Debug|Any CPU.ActiveCfg = Debug|Any CPU
		{3DF591E6-B89C-4660-BF13-45500EF4825D}.Debug|Any CPU.Build.0 = Debug|Any CPU
		{3DF591E6-B89C-4660-BF13-45500EF4825D}.Release|Any CPU.ActiveCfg = Release|Any CPU
		{3DF591E6-B89C-4660-BF13-45500EF4825D}.Release|Any CPU.Build.0 = Release|Any CPU
		{83EC69F8-2FAD-41D6-BBC7-97D136F0C1B0}.Debug|Any CPU.ActiveCfg = Debug|Any CPU
		{83EC69F8-2FAD-41D6-BBC7-97D136F0C1B0}.Debug|Any CPU.Build.0 = Debug|Any CPU
		{83EC69F8-2FAD-41D6-BBC7-97D136F0C1B0}.Release|Any CPU.ActiveCfg = Release|Any CPU
		{83EC69F8-2FAD-41D6-BBC7-97D136F0C1B0}.Release|Any CPU.Build.0 = Release|Any CPU
	EndGlobalSection
	GlobalSection(SolutionProperties) = preSolution
		HideSolutionNode = FALSE
	EndGlobalSection
	GlobalSection(ExtensibilityGlobals) = postSolution
		SolutionGuid = {71C5C6BC-5040-474C-98F3-740182774BE5}
	EndGlobalSection
EndGlobal
